
Microsoft Visual Studio Solution File, Format Version 12.00
# Visual Studio 15
VisualStudioVersion = 15.0.27004.2005
MinimumVisualStudioVersion = 10.0.40219.1
Project("{FAE04EC0-301F-11D3-BF4B-00C04F79EFBC}") = "HopeIt.Mobile.Core", "HopeIt.Mobile.Core\HopeIt.Mobile.Core.csproj", "{9D6E3F85-B4A4-42DE-A494-27FCA5DE4788}"
EndProject
Project("{FAE04EC0-301F-11D3-BF4B-00C04F79EFBC}") = "HopeIt.Mobile.App", "HopeIt.Mobile.App\HopeIt.Mobile.App.csproj", "{E9D37754-96D1-48E3-80A9-0A2370A15EB0}"
EndProject
Project("{FAE04EC0-301F-11D3-BF4B-00C04F79EFBC}") = "HopeIt.Web.WWW", "HopeIt.Web.WWW\HopeIt.Web.WWW.csproj", "{AE56C877-A026-4D67-833C-42F1AC6C186E}"
EndProject
Project("{FAE04EC0-301F-11D3-BF4B-00C04F79EFBC}") = "HopeIt.Web.Core", "HopeIt.Web.Core\HopeIt.Web.Core.csproj", "{7BEB3B80-64DE-4550-97CE-53999E0304E5}"
EndProject
Project("{FAE04EC0-301F-11D3-BF4B-00C04F79EFBC}") = "HopeIt.Web.Core.Test", "HopeIt.Web.Core.Test\HopeIt.Web.Core.Test.csproj", "{1AC85A7B-6B9F-40CE-BB73-29B53D33B10F}"
EndProject
Project("{FAE04EC0-301F-11D3-BF4B-00C04F79EFBC}") = "HopeIT.Common", "HopeIT.Common\HopeIT.Common.csproj", "{F95DCC30-EF1C-4616-9E24-FFFF69168762}"
EndProject
Project("{FAE04EC0-301F-11D3-BF4B-00C04F79EFBC}") = "HopeIT.Database", "HopeIT.Database\HopeIT.Database.csproj", "{7ADBE061-BFF5-4F48-8452-1DD87F7723D2}"
EndProject
Project("{FAE04EC0-301F-11D3-BF4B-00C04F79EFBC}") = "HopeIT.Database.UnitTest", "HopeIT.Database.UnitTest\HopeIT.Database.UnitTest.csproj", "{EC85BE9E-26FC-4AC7-A097-EF73CDB7D69F}"
EndProject
Project("{FAE04EC0-301F-11D3-BF4B-00C04F79EFBC}") = "HopeIT.DataExchangeWebService", "HopeIT.DataExchangeWebService\HopeIT.DataExchangeWebService.csproj", "{027530A2-B2F3-42C3-8EAF-DE06D0BD3CCC}"
EndProject
Global
	GlobalSection(SolutionConfigurationPlatforms) = preSolution
		Debug|Any CPU = Debug|Any CPU
		Release|Any CPU = Release|Any CPU
	EndGlobalSection
	GlobalSection(ProjectConfigurationPlatforms) = postSolution
		{9D6E3F85-B4A4-42DE-A494-27FCA5DE4788}.Debug|Any CPU.ActiveCfg = Debug|Any CPU
		{9D6E3F85-B4A4-42DE-A494-27FCA5DE4788}.Debug|Any CPU.Build.0 = Debug|Any CPU
		{9D6E3F85-B4A4-42DE-A494-27FCA5DE4788}.Release|Any CPU.ActiveCfg = Release|Any CPU
		{9D6E3F85-B4A4-42DE-A494-27FCA5DE4788}.Release|Any CPU.Build.0 = Release|Any CPU
		{E9D37754-96D1-48E3-80A9-0A2370A15EB0}.Debug|Any CPU.ActiveCfg = Debug|Any CPU
		{E9D37754-96D1-48E3-80A9-0A2370A15EB0}.Debug|Any CPU.Build.0 = Debug|Any CPU
		{E9D37754-96D1-48E3-80A9-0A2370A15EB0}.Debug|Any CPU.Deploy.0 = Debug|Any CPU
		{E9D37754-96D1-48E3-80A9-0A2370A15EB0}.Release|Any CPU.ActiveCfg = Release|Any CPU
		{E9D37754-96D1-48E3-80A9-0A2370A15EB0}.Release|Any CPU.Build.0 = Release|Any CPU
		{E9D37754-96D1-48E3-80A9-0A2370A15EB0}.Release|Any CPU.Deploy.0 = Release|Any CPU
		{AE56C877-A026-4D67-833C-42F1AC6C186E}.Debug|Any CPU.ActiveCfg = Debug|Any CPU
		{AE56C877-A026-4D67-833C-42F1AC6C186E}.Debug|Any CPU.Build.0 = Debug|Any CPU
		{AE56C877-A026-4D67-833C-42F1AC6C186E}.Release|Any CPU.ActiveCfg = Release|Any CPU
		{AE56C877-A026-4D67-833C-42F1AC6C186E}.Release|Any CPU.Build.0 = Release|Any CPU
		{7BEB3B80-64DE-4550-97CE-53999E0304E5}.Debug|Any CPU.ActiveCfg = Debug|Any CPU
		{7BEB3B80-64DE-4550-97CE-53999E0304E5}.Debug|Any CPU.Build.0 = Debug|Any CPU
		{7BEB3B80-64DE-4550-97CE-53999E0304E5}.Release|Any CPU.ActiveCfg = Release|Any CPU
		{7BEB3B80-64DE-4550-97CE-53999E0304E5}.Release|Any CPU.Build.0 = Release|Any CPU
		{1AC85A7B-6B9F-40CE-BB73-29B53D33B10F}.Debug|Any CPU.ActiveCfg = Debug|Any CPU
		{1AC85A7B-6B9F-40CE-BB73-29B53D33B10F}.Debug|Any CPU.Build.0 = Debug|Any CPU
		{1AC85A7B-6B9F-40CE-BB73-29B53D33B10F}.Release|Any CPU.ActiveCfg = Release|Any CPU
		{1AC85A7B-6B9F-40CE-BB73-29B53D33B10F}.Release|Any CPU.Build.0 = Release|Any CPU
		{F95DCC30-EF1C-4616-9E24-FFFF69168762}.Debug|Any CPU.ActiveCfg = Debug|Any CPU
		{F95DCC30-EF1C-4616-9E24-FFFF69168762}.Debug|Any CPU.Build.0 = Debug|Any CPU
		{F95DCC30-EF1C-4616-9E24-FFFF69168762}.Release|Any CPU.ActiveCfg = Release|Any CPU
		{F95DCC30-EF1C-4616-9E24-FFFF69168762}.Release|Any CPU.Build.0 = Release|Any CPU
		{7ADBE061-BFF5-4F48-8452-1DD87F7723D2}.Debug|Any CPU.ActiveCfg = Debug|Any CPU
		{7ADBE061-BFF5-4F48-8452-1DD87F7723D2}.Debug|Any CPU.Build.0 = Debug|Any CPU
		{7ADBE061-BFF5-4F48-8452-1DD87F7723D2}.Release|Any CPU.ActiveCfg = Release|Any CPU
		{7ADBE061-BFF5-4F48-8452-1DD87F7723D2}.Release|Any CPU.Build.0 = Release|Any CPU
		{EC85BE9E-26FC-4AC7-A097-EF73CDB7D69F}.Debug|Any CPU.ActiveCfg = Debug|Any CPU
		{EC85BE9E-26FC-4AC7-A097-EF73CDB7D69F}.Debug|Any CPU.Build.0 = Debug|Any CPU
		{EC85BE9E-26FC-4AC7-A097-EF73CDB7D69F}.Release|Any CPU.ActiveCfg = Release|Any CPU
		{EC85BE9E-26FC-4AC7-A097-EF73CDB7D69F}.Release|Any CPU.Build.0 = Release|Any CPU
		{027530A2-B2F3-42C3-8EAF-DE06D0BD3CCC}.Debug|Any CPU.ActiveCfg = Debug|Any CPU
		{027530A2-B2F3-42C3-8EAF-DE06D0BD3CCC}.Debug|Any CPU.Build.0 = Debug|Any CPU
		{027530A2-B2F3-42C3-8EAF-DE06D0BD3CCC}.Release|Any CPU.ActiveCfg = Release|Any CPU
		{027530A2-B2F3-42C3-8EAF-DE06D0BD3CCC}.Release|Any CPU.Build.0 = Release|Any CPU
	EndGlobalSection
	GlobalSection(SolutionProperties) = preSolution
		HideSolutionNode = FALSE
	EndGlobalSection
	GlobalSection(ExtensibilityGlobals) = postSolution
		SolutionGuid = {0CECDD5B-5F00-45FD-A8E2-F1E94AB20A61}
	EndGlobalSection
EndGlobal
